
Microsoft Visual Studio Solution File, Format Version 12.00
# Visual Studio Version 16
VisualStudioVersion = 16.0.29424.173
MinimumVisualStudioVersion = 10.0.40219.1
Project("{9A19103F-16F7-4668-BE54-9A1E7A4F7556}") = "UrlShortener.Web", "UrlShortener\UrlShortener.Web.csproj", "{7180C0F9-0BDC-4B18-B467-0929853DA8FA}"
EndProject
Project("{9A19103F-16F7-4668-BE54-9A1E7A4F7556}") = "UrlShortener.Logic", "UrlShortener.Logic\UrlShortener.Logic.csproj", "{837D694D-0776-428C-BFE0-C8DC0004A001}"
EndProject
Global
	GlobalSection(SolutionConfigurationPlatforms) = preSolution
		Debug|Any CPU = Debug|Any CPU
		Release|Any CPU = Release|Any CPU
	EndGlobalSection
	GlobalSection(ProjectConfigurationPlatforms) = postSolution
		{7180C0F9-0BDC-4B18-B467-0929853DA8FA}.Debug|Any CPU.ActiveCfg = Debug|Any CPU
		{7180C0F9-0BDC-4B18-B467-0929853DA8FA}.Debug|Any CPU.Build.0 = Debug|Any CPU
		{7180C0F9-0BDC-4B18-B467-0929853DA8FA}.Release|Any CPU.ActiveCfg = Release|Any CPU
		{7180C0F9-0BDC-4B18-B467-0929853DA8FA}.Release|Any CPU.Build.0 = Release|Any CPU
		{837D694D-0776-428C-BFE0-C8DC0004A001}.Debug|Any CPU.ActiveCfg = Debug|Any CPU
		{837D694D-0776-428C-BFE0-C8DC0004A001}.Debug|Any CPU.Build.0 = Debug|Any CPU
		{837D694D-0776-428C-BFE0-C8DC0004A001}.Release|Any CPU.ActiveCfg = Release|Any CPU
		{837D694D-0776-428C-BFE0-C8DC0004A001}.Release|Any CPU.Build.0 = Release|Any CPU
	EndGlobalSection
	GlobalSection(SolutionProperties) = preSolution
		HideSolutionNode = FALSE
	EndGlobalSection
	GlobalSection(ExtensibilityGlobals) = postSolution
		SolutionGuid = {E729BD4F-7825-4AAC-AAF9-0077F3804701}
	EndGlobalSection
EndGlobal
